
Microsoft Visual Studio Solution File, Format Version 12.00
# Visual Studio Version 17
VisualStudioVersion = 17.4.33205.214
MinimumVisualStudioVersion = 10.0.40219.1
Project("{FAE04EC0-301F-11D3-BF4B-00C04F79EFBC}") = "LambdaGMad", "LambdaGMad\LambdaGMad.csproj", "{D3953BB9-01D2-43BA-8457-1E4492200EA0}"
EndProject
Global
	GlobalSection(SolutionConfigurationPlatforms) = preSolution
		Debug Windows|Any CPU = Debug Windows|Any CPU
		Release Windows|Any CPU = Release Windows|Any CPU
	EndGlobalSection
	GlobalSection(ProjectConfigurationPlatforms) = postSolution
		{D3953BB9-01D2-43BA-8457-1E4492200EA0}.Debug Windows|Any CPU.ActiveCfg = Debug Windows|Any CPU
		{D3953BB9-01D2-43BA-8457-1E4492200EA0}.Debug Windows|Any CPU.Build.0 = Debug Windows|Any CPU
		{D3953BB9-01D2-43BA-8457-1E4492200EA0}.Release Windows|Any CPU.ActiveCfg = Release Windows|Any CPU
		{D3953BB9-01D2-43BA-8457-1E4492200EA0}.Release Windows|Any CPU.Build.0 = Release Windows|Any CPU
	EndGlobalSection
	GlobalSection(SolutionProperties) = preSolution
		HideSolutionNode = FALSE
	EndGlobalSection
	GlobalSection(ExtensibilityGlobals) = postSolution
		SolutionGuid = {AC1250C7-F311-4674-A801-E1F77BB3ED45}
	EndGlobalSection
EndGlobal
